
Microsoft Visual Studio Solution File, Format Version 12.00
# Visual Studio Version 17
VisualStudioVersion = 17.0.31903.59
MinimumVisualStudioVersion = 10.0.40219.1
Project("{FAE04EC0-301F-11D3-BF4B-00C04F79EFBC}") = "P-InvokeHostLibrary", "P-InvokeHostLibrary\P-InvokeHostLibrary.csproj", "{2EFD5412-3AA9-48CE-964E-27AD12BC9E79}"
EndProject
Project("{FAE04EC0-301F-11D3-BF4B-00C04F79EFBC}") = "MainProgram", "MainProgram\MainProgram.csproj", "{5156F836-35F3-4DC6-9948-B25366BF332E}"
EndProject
Global
	GlobalSection(SolutionConfigurationPlatforms) = preSolution
		Debug|Any CPU = Debug|Any CPU
		Release|Any CPU = Release|Any CPU
	EndGlobalSection
	GlobalSection(SolutionProperties) = preSolution
		HideSolutionNode = FALSE
	EndGlobalSection
	GlobalSection(ProjectConfigurationPlatforms) = postSolution
		{2EFD5412-3AA9-48CE-964E-27AD12BC9E79}.Debug|Any CPU.ActiveCfg = Debug|Any CPU
		{2EFD5412-3AA9-48CE-964E-27AD12BC9E79}.Debug|Any CPU.Build.0 = Debug|Any CPU
		{2EFD5412-3AA9-48CE-964E-27AD12BC9E79}.Release|Any CPU.ActiveCfg = Release|Any CPU
		{2EFD5412-3AA9-48CE-964E-27AD12BC9E79}.Release|Any CPU.Build.0 = Release|Any CPU
		{5156F836-35F3-4DC6-9948-B25366BF332E}.Debug|Any CPU.ActiveCfg = Debug|Any CPU
		{5156F836-35F3-4DC6-9948-B25366BF332E}.Debug|Any CPU.Build.0 = Debug|Any CPU
		{5156F836-35F3-4DC6-9948-B25366BF332E}.Release|Any CPU.ActiveCfg = Release|Any CPU
		{5156F836-35F3-4DC6-9948-B25366BF332E}.Release|Any CPU.Build.0 = Release|Any CPU
	EndGlobalSection
EndGlobal
